
Microsoft Visual Studio Solution File, Format Version 12.00
# Visual Studio Version 17
VisualStudioVersion = 17.4.33213.308
MinimumVisualStudioVersion = 10.0.40219.1
Project("{9A19103F-16F7-4668-BE54-9A1E7A4F7556}") = "PhonemeEmbeddings", "PhonemeEmbeddings.csproj", "{C99B10F3-E994-4A3C-A825-0C2F39E5EAB3}"
EndProject
Project("{FAE04EC0-301F-11D3-BF4B-00C04F79EFBC}") = "NUPhoneConsoleTestApp", "..\NUPhoneConsoleTestApp\NUPhoneConsoleTestApp.csproj", "{D2F4DEE9-C8FE-49C4-8F03-29B3D7AC5E26}"
EndProject
Global
	GlobalSection(SolutionConfigurationPlatforms) = preSolution
		Debug|Any CPU = Debug|Any CPU
		Release|Any CPU = Release|Any CPU
	EndGlobalSection
	GlobalSection(ProjectConfigurationPlatforms) = postSolution
		{C99B10F3-E994-4A3C-A825-0C2F39E5EAB3}.Debug|Any CPU.ActiveCfg = Debug|Any CPU
		{C99B10F3-E994-4A3C-A825-0C2F39E5EAB3}.Debug|Any CPU.Build.0 = Debug|Any CPU
		{C99B10F3-E994-4A3C-A825-0C2F39E5EAB3}.Release|Any CPU.ActiveCfg = Release|Any CPU
		{C99B10F3-E994-4A3C-A825-0C2F39E5EAB3}.Release|Any CPU.Build.0 = Release|Any CPU
		{D2F4DEE9-C8FE-49C4-8F03-29B3D7AC5E26}.Debug|Any CPU.ActiveCfg = Debug|Any CPU
		{D2F4DEE9-C8FE-49C4-8F03-29B3D7AC5E26}.Debug|Any CPU.Build.0 = Debug|Any CPU
		{D2F4DEE9-C8FE-49C4-8F03-29B3D7AC5E26}.Release|Any CPU.ActiveCfg = Release|Any CPU
		{D2F4DEE9-C8FE-49C4-8F03-29B3D7AC5E26}.Release|Any CPU.Build.0 = Release|Any CPU
	EndGlobalSection
	GlobalSection(SolutionProperties) = preSolution
		HideSolutionNode = FALSE
	EndGlobalSection
	GlobalSection(ExtensibilityGlobals) = postSolution
		SolutionGuid = {6843C58B-E2C3-481A-A234-0BD20EAA776C}
	EndGlobalSection
EndGlobal
